
Microsoft Visual Studio Solution File, Format Version 12.00
# Visual Studio 15
VisualStudioVersion = 15.0.27428.2027
MinimumVisualStudioVersion = 10.0.40219.1
Project("{9A19103F-16F7-4668-BE54-9A1E7A4F7556}") = "Climb", "Climb\Climb.csproj", "{242F5651-C6E8-4903-B880-6E7783D1F60F}"
EndProject
Project("{9A19103F-16F7-4668-BE54-9A1E7A4F7556}") = "Climb.Test", "Climb.Test\Climb.Test.csproj", "{8E15492F-407D-4B0C-B836-C340AAF2D218}"
EndProject
Project("{9A19103F-16F7-4668-BE54-9A1E7A4F7556}") = "Climb.Jobs", "Climb.Jobs\Climb.Jobs.csproj", "{96A39248-0C42-4153-829C-33A3ACE97F07}"
EndProject
Project("{FAE04EC0-301F-11D3-BF4B-00C04F79EFBC}") = "Climb.Models", "Climb.Models\Climb.Models.csproj", "{B36D3FF9-05A0-461C-84C9-D44EF71C7FAE}"
EndProject
Project("{FAE04EC0-301F-11D3-BF4B-00C04F79EFBC}") = "Climb.Common", "Climb.Common\Climb.Common.csproj", "{E25264B0-4B32-4172-A779-37BE6D158B33}"
EndProject
Project("{FAE04EC0-301F-11D3-BF4B-00C04F79EFBC}") = "Climb.Services", "Climb.Services\Climb.Services.csproj", "{E9342143-F7A0-44B0-8FFE-F30E054ABC72}"
EndProject
Global
	GlobalSection(SolutionConfigurationPlatforms) = preSolution
		Debug|Any CPU = Debug|Any CPU
		Release|Any CPU = Release|Any CPU
	EndGlobalSection
	GlobalSection(ProjectConfigurationPlatforms) = postSolution
		{242F5651-C6E8-4903-B880-6E7783D1F60F}.Debug|Any CPU.ActiveCfg = Debug|Any CPU
		{242F5651-C6E8-4903-B880-6E7783D1F60F}.Debug|Any CPU.Build.0 = Debug|Any CPU
		{242F5651-C6E8-4903-B880-6E7783D1F60F}.Release|Any CPU.ActiveCfg = Release|Any CPU
		{242F5651-C6E8-4903-B880-6E7783D1F60F}.Release|Any CPU.Build.0 = Release|Any CPU
		{8E15492F-407D-4B0C-B836-C340AAF2D218}.Debug|Any CPU.ActiveCfg = Debug|Any CPU
		{8E15492F-407D-4B0C-B836-C340AAF2D218}.Debug|Any CPU.Build.0 = Debug|Any CPU
		{8E15492F-407D-4B0C-B836-C340AAF2D218}.Release|Any CPU.ActiveCfg = Release|Any CPU
		{8E15492F-407D-4B0C-B836-C340AAF2D218}.Release|Any CPU.Build.0 = Release|Any CPU
		{96A39248-0C42-4153-829C-33A3ACE97F07}.Debug|Any CPU.ActiveCfg = Debug|Any CPU
		{96A39248-0C42-4153-829C-33A3ACE97F07}.Release|Any CPU.ActiveCfg = Release|Any CPU
		{B36D3FF9-05A0-461C-84C9-D44EF71C7FAE}.Debug|Any CPU.ActiveCfg = Debug|Any CPU
		{B36D3FF9-05A0-461C-84C9-D44EF71C7FAE}.Debug|Any CPU.Build.0 = Debug|Any CPU
		{B36D3FF9-05A0-461C-84C9-D44EF71C7FAE}.Release|Any CPU.ActiveCfg = Release|Any CPU
		{B36D3FF9-05A0-461C-84C9-D44EF71C7FAE}.Release|Any CPU.Build.0 = Release|Any CPU
		{E25264B0-4B32-4172-A779-37BE6D158B33}.Debug|Any CPU.ActiveCfg = Debug|Any CPU
		{E25264B0-4B32-4172-A779-37BE6D158B33}.Debug|Any CPU.Build.0 = Debug|Any CPU
		{E25264B0-4B32-4172-A779-37BE6D158B33}.Release|Any CPU.ActiveCfg = Release|Any CPU
		{E25264B0-4B32-4172-A779-37BE6D158B33}.Release|Any CPU.Build.0 = Release|Any CPU
		{E9342143-F7A0-44B0-8FFE-F30E054ABC72}.Debug|Any CPU.ActiveCfg = Debug|Any CPU
		{E9342143-F7A0-44B0-8FFE-F30E054ABC72}.Debug|Any CPU.Build.0 = Debug|Any CPU
		{E9342143-F7A0-44B0-8FFE-F30E054ABC72}.Release|Any CPU.ActiveCfg = Release|Any CPU
		{E9342143-F7A0-44B0-8FFE-F30E054ABC72}.Release|Any CPU.Build.0 = Release|Any CPU
	EndGlobalSection
	GlobalSection(SolutionProperties) = preSolution
		HideSolutionNode = FALSE
	EndGlobalSection
	GlobalSection(ExtensibilityGlobals) = postSolution
		SolutionGuid = {A1717815-54B7-439C-BFBD-AC5F07A046D1}
	EndGlobalSection
EndGlobal
